{
  "meteor": {
    "git": "https://github.com/meteor/meteor.git",
    "branch": "master",
    "commit": "cbde5bd4875524f3ade7f3baef417a43ec1b9474"
  },
  "dependencies": {
    "basePackages": {
      "leaflet": {
        "git": "https://github.com/bevanhunt/meteor-leaflet.git",
        "branch": "master"
      }
    },
    "packages": {
      "leaflet": {
        "git": "https://github.com/bevanhunt/meteor-leaflet.git",
        "branch": "master",
        "commit": "8afbf39bfde9186d9eb49baaf354a4afdbcd52b6"
      }
    }
  }
}
