{
  "meteor": {
    "git": "https://github.com/meteor/meteor.git",
    "branch": "master",
    "commit": "cbde5bd4875524f3ade7f3baef417a43ec1b9474"
  },
  "dependencies": {
    "basePackages": {
      "leaflet": {}
    },
    "packages": {
      "leaflet": {
        "git": "https://github.com/bevanhunt/meteor-leaflet.git",
        "tag": "v0.3.2",
        "commit": "93ec607e9805a1945002bf8c49a1080022b593f5"
      }
    }
  }
}
