{
  "dependencies": {
    "jsdom": {
      "version": "3.1.0",
      "dependencies": {
        "browser-request": {
          "version": "0.3.3"
        },
        "contextify": {
          "version": "0.1.14",
          "dependencies": {
            "bindings": {
              "version": "1.2.1"
            },
            "nan": {
              "version": "1.8.4"
            }
          }
        },
        "cssom": {
          "version": "0.3.0"
        },
        "cssstyle": {
          "version": "0.2.29"
        },
        "htmlparser2": {
          "version": "3.8.3",
          "dependencies": {
            "domhandler": {
              "version": "2.3.0"
            },
            "domutils": {
              "version": "1.5.1",
              "dependencies": {
                "dom-serializer": {
                  "version": "0.1.0",
                  "dependencies": {
                    "domelementtype": {
                      "version": "1.1.3"
                    },
                    "entities": {
                      "version": "1.1.1"
                    }
                  }
                }
              }
            },
            "domelementtype": {
              "version": "1.3.0"
            },
            "readable-stream": {
              "version": "1.1.13",
              "dependencies": {
                "core-util-is": {
                  "version": "1.0.1"
                },
                "isarray": {
                  "version": "0.0.1"
                },
                "string_decoder": {
                  "version": "0.10.31"
                },
                "inherits": {
                  "version": "2.0.1"
                }
              }
            },
            "entities": {
              "version": "1.0.0"
            }
          }
        },
        "nwmatcher": {
          "version": "1.3.6"
        },
        "parse5": {
          "version": "1.5.0"
        },
        "request": {
          "version": "2.61.0",
          "dependencies": {
            "bl": {
              "version": "1.0.0",
              "dependencies": {
                "readable-stream": {
                  "version": "2.0.2",
                  "dependencies": {
                    "core-util-is": {
                      "version": "1.0.1"
                    },
                    "inherits": {
                      "version": "2.0.1"
                    },
                    "isarray": {
                      "version": "0.0.1"
                    },
                    "process-nextick-args": {
                      "version": "1.0.2"
                    },
                    "string_decoder": {
                      "version": "0.10.31"
                    },
                    "util-deprecate": {
                      "version": "1.0.1"
                    }
                  }
                }
              }
            },
            "caseless": {
              "version": "0.11.0"
            },
            "extend": {
              "version": "3.0.0"
            },
            "forever-agent": {
              "version": "0.6.1"
            },
            "form-data": {
              "version": "1.0.0-rc3",
              "dependencies": {
                "async": {
                  "version": "1.4.2"
                }
              }
            },
            "json-stringify-safe": {
              "version": "5.0.1"
            },
            "mime-types": {
              "version": "2.1.5",
              "dependencies": {
                "mime-db": {
                  "version": "1.17.0"
                }
              }
            },
            "node-uuid": {
              "version": "1.4.3"
            },
            "qs": {
              "version": "4.0.0"
            },
            "tunnel-agent": {
              "version": "0.4.1"
            },
            "tough-cookie": {
              "version": "2.0.0"
            },
            "http-signature": {
              "version": "0.11.0",
              "dependencies": {
                "assert-plus": {
                  "version": "0.1.5"
                },
                "asn1": {
                  "version": "0.1.11"
                },
                "ctype": {
                  "version": "0.5.3"
                }
              }
            },
            "oauth-sign": {
              "version": "0.8.0"
            },
            "hawk": {
              "version": "3.1.0",
              "dependencies": {
                "hoek": {
                  "version": "2.14.0"
                },
                "boom": {
                  "version": "2.8.0"
                },
                "cryptiles": {
                  "version": "2.0.4"
                },
                "sntp": {
                  "version": "1.0.9"
                }
              }
            },
            "aws-sign2": {
              "version": "0.5.0"
            },
            "stringstream": {
              "version": "0.0.4"
            },
            "combined-stream": {
              "version": "1.0.5",
              "dependencies": {
                "delayed-stream": {
                  "version": "1.0.0"
                }
              }
            },
            "isstream": {
              "version": "0.1.2"
            },
            "har-validator": {
              "version": "1.8.0",
              "dependencies": {
                "bluebird": {
                  "version": "2.9.34"
                },
                "chalk": {
                  "version": "1.1.1",
                  "dependencies": {
                    "ansi-styles": {
                      "version": "2.1.0"
                    },
                    "escape-string-regexp": {
                      "version": "1.0.3"
                    },
                    "has-ansi": {
                      "version": "2.0.0",
                      "dependencies": {
                        "ansi-regex": {
                          "version": "2.0.0"
                        }
                      }
                    },
                    "strip-ansi": {
                      "version": "3.0.0",
                      "dependencies": {
                        "ansi-regex": {
                          "version": "2.0.0"
                        }
                      }
                    },
                    "supports-color": {
                      "version": "2.0.0"
                    }
                  }
                },
                "commander": {
                  "version": "2.8.1",
                  "dependencies": {
                    "graceful-readlink": {
                      "version": "1.0.1"
                    }
                  }
                },
                "is-my-json-valid": {
                  "version": "2.12.1",
                  "dependencies": {
                    "generate-function": {
                      "version": "2.0.0"
                    },
                    "generate-object-property": {
                      "version": "1.2.0",
                      "dependencies": {
                        "is-property": {
                          "version": "1.0.2"
                        }
                      }
                    },
                    "jsonpointer": {
                      "version": "1.1.0"
                    },
                    "xtend": {
                      "version": "4.0.0"
                    }
                  }
                }
              }
            }
          }
        },
        "xml-name-validator": {
          "version": "1.0.0"
        },
        "xmlhttprequest": {
          "version": "1.7.0"
        }
      }
    },
    "togeojson": {
      "version": "0.12.2",
      "dependencies": {
        "xmldom": {
          "version": "0.1.19"
        },
        "concat-stream": {
          "version": "1.4.10",
          "dependencies": {
            "inherits": {
              "version": "2.0.1"
            },
            "typedarray": {
              "version": "0.0.6"
            },
            "readable-stream": {
              "version": "1.1.13",
              "dependencies": {
                "core-util-is": {
                  "version": "1.0.1"
                },
                "isarray": {
                  "version": "0.0.1"
                },
                "string_decoder": {
                  "version": "0.10.31"
                }
              }
            }
          }
        },
        "minimist": {
          "version": "0.0.8"
        }
      }
    }
  }
}
